// !$*UTF8*$!
{
	archiveVersion = 1;
	classes = {
	};
	objectVersion = 50;
	objects = {

/* Begin PBXBuildFile section */
		18BB0BC7247A2CEB00BBEE13 /* AppDelegate.swift in Sources */ = {isa = PBXBuildFile; fileRef = 18BB0BC6247A2CEB00BBEE13 /* AppDelegate.swift */; };
		18BB0BC9247A2CEB00BBEE13 /* SceneDelegate.swift in Sources */ = {isa = PBXBuildFile; fileRef = 18BB0BC8247A2CEB00BBEE13 /* SceneDelegate.swift */; };
		18BB0BCB247A2CEB00BBEE13 /* ContentView.swift in Sources */ = {isa = PBXBuildFile; fileRef = 18BB0BCA247A2CEB00BBEE13 /* ContentView.swift */; };
		18BB0BCD247A2CED00BBEE13 /* Assets.xcassets in Resources */ = {isa = PBXBuildFile; fileRef = 18BB0BCC247A2CED00BBEE13 /* Assets.xcassets */; };
		18BB0BD0247A2CED00BBEE13 /* Preview Assets.xcassets in Resources */ = {isa = PBXBuildFile; fileRef = 18BB0BCF247A2CED00BBEE13 /* Preview Assets.xcassets */; };
		18BB0BD3247A2CED00BBEE13 /* LaunchScreen.storyboard in Resources */ = {isa = PBXBuildFile; fileRef = 18BB0BD1247A2CED00BBEE13 /* LaunchScreen.storyboard */; };
		18BB0BDC247A2D5700BBEE13 /* Student.swift in Sources */ = {isa = PBXBuildFile; fileRef = 18BB0BDB247A2D5700BBEE13 /* Student.swift */; };
		18BB0BDE247A330C00BBEE13 /* StudentCell.swift in Sources */ = {isa = PBXBuildFile; fileRef = 18BB0BDD247A330C00BBEE13 /* StudentCell.swift */; };
		18BB0BE0247A366400BBEE13 /* DetailedView.swift in Sources */ = {isa = PBXBuildFile; fileRef = 18BB0BDF247A366400BBEE13 /* DetailedView.swift */; };
/* End PBXBuildFile section */

/* Begin PBXFileReference section */
		18BB0BC3247A2CEB00BBEE13 /* SwiftUIDemo2.app */ = {isa = PBXFileReference; explicitFileType = wrapper.application; includeInIndex = 0; path = SwiftUIDemo2.app; sourceTree = BUILT_PRODUCTS_DIR; };
		18BB0BC6247A2CEB00BBEE13 /* AppDelegate.swift */ = {isa = PBXFileReference; lastKnownFileType = sourcecode.swift; path = AppDelegate.swift; sourceTree = "<group>"; };
		18BB0BC8247A2CEB00BBEE13 /* SceneDelegate.swift */ = {isa = PBXFileReference; lastKnownFileType = sourcecode.swift; path = SceneDelegate.swift; sourceTree = "<group>"; };
		18BB0BCA247A2CEB00BBEE13 /* ContentView.swift */ = {isa = PBXFileReference; lastKnownFileType = sourcecode.swift; path = ContentView.swift; sourceTree = "<group>"; };
		18BB0BCC247A2CED00BBEE13 /* Assets.xcassets */ = {isa = PBXFileReference; lastKnownFileType = folder.assetcatalog; path = Assets.xcassets; sourceTree = "<group>"; };
		18BB0BCF247A2CED00BBEE13 /* Preview Assets.xcassets */ = {isa = PBXFileReference; lastKnownFileType = folder.assetcatalog; path = "Preview Assets.xcassets"; sourceTree = "<group>"; };
		18BB0BD2247A2CED00BBEE13 /* Base */ = {isa = PBXFileReference; lastKnownFileType = file.storyboard; name = Base; path = Base.lproj/LaunchScreen.storyboard; sourceTree = "<group>"; };
		18BB0BD4247A2CED00BBEE13 /* Info.plist */ = {isa = PBXFileReference; lastKnownFileType = text.plist.xml; path = Info.plist; sourceTree = "<group>"; };
		18BB0BDB247A2D5700BBEE13 /* Student.swift */ = {isa = PBXFileReference; lastKnownFileType = sourcecode.swift; path = Student.swift; sourceTree = "<group>"; };
		18BB0BDD247A330C00BBEE13 /* StudentCell.swift */ = {isa = PBXFileReference; lastKnownFileType = sourcecode.swift; path = StudentCell.swift; sourceTree = "<group>"; };
		18BB0BDF247A366400BBEE13 /* DetailedView.swift */ = {isa = PBXFileReference; lastKnownFileType = sourcecode.swift; path = DetailedView.swift; sourceTree = "<group>"; };
/* End PBXFileReference section */

/* Begin PBXFrameworksBuildPhase section */
		18BB0BC0247A2CEB00BBEE13 /* Frameworks */ = {
			isa = PBXFrameworksBuildPhase;
			buildActionMask = 2147483647;
			files = (
			);
			runOnlyForDeploymentPostprocessing = 0;
		};
/* End PBXFrameworksBuildPhase section */

/* Begin PBXGroup section */
		18BB0BBA247A2CEB00BBEE13 = {
			isa = PBXGroup;
			children = (
				18BB0BC5247A2CEB00BBEE13 /* SwiftUIDemo2 */,
				18BB0BC4247A2CEB00BBEE13 /* Products */,
			);
			sourceTree = "<group>";
		};
		18BB0BC4247A2CEB00BBEE13 /* Products */ = {
			isa = PBXGroup;
			children = (
				18BB0BC3247A2CEB00BBEE13 /* SwiftUIDemo2.app */,
			);
			name = Products;
			sourceTree = "<group>";
		};
		18BB0BC5247A2CEB00BBEE13 /* SwiftUIDemo2 */ = {
			isa = PBXGroup;
			children = (
				18BB0BDA247A2D4200BBEE13 /* Models */,
				18BB0BC6247A2CEB00BBEE13 /* AppDelegate.swift */,
				18BB0BC8247A2CEB00BBEE13 /* SceneDelegate.swift */,
				18BB0BCA247A2CEB00BBEE13 /* ContentView.swift */,
				18BB0BDF247A366400BBEE13 /* DetailedView.swift */,
				18BB0BCC247A2CED00BBEE13 /* Assets.xcassets */,
				18BB0BD1247A2CED00BBEE13 /* LaunchScreen.storyboard */,
				18BB0BD4247A2CED00BBEE13 /* Info.plist */,
				18BB0BCE247A2CED00BBEE13 /* Preview Content */,
			);
			path = SwiftUIDemo2;
			sourceTree = "<group>";
		};
		18BB0BCE247A2CED00BBEE13 /* Preview Content */ = {
			isa = PBXGroup;
			children = (
				18BB0BCF247A2CED00BBEE13 /* Preview Assets.xcassets */,
			);
			path = "Preview Content";
			sourceTree = "<group>";
		};
		18BB0BDA247A2D4200BBEE13 /* Models */ = {
			isa = PBXGroup;
			children = (
				18BB0BDB247A2D5700BBEE13 /* Student.swift */,
				18BB0BDD247A330C00BBEE13 /* StudentCell.swift */,
			);
			path = Models;
			sourceTree = "<group>";
		};
/* End PBXGroup section */

/* Begin PBXNativeTarget section */
		18BB0BC2247A2CEB00BBEE13 /* SwiftUIDemo2 */ = {
			isa = PBXNativeTarget;
			buildConfigurationList = 18BB0BD7247A2CED00BBEE13 /* Build configuration list for PBXNativeTarget "SwiftUIDemo2" */;
			buildPhases = (
				18BB0BBF247A2CEB00BBEE13 /* Sources */,
				18BB0BC0247A2CEB00BBEE13 /* Frameworks */,
				18BB0BC1247A2CEB00BBEE13 /* Resources */,
			);
			buildRules = (
			);
			dependencies = (
			);
			name = SwiftUIDemo2;
			productName = SwiftUIDemo2;
			productReference = 18BB0BC3247A2CEB00BBEE13 /* SwiftUIDemo2.app */;
			productType = "com.apple.product-type.application";
		};
/* End PBXNativeTarget section */

/* Begin PBXProject section */
		18BB0BBB247A2CEB00BBEE13 /* Project object */ = {
			isa = PBXProject;
			attributes = {
				LastSwiftUpdateCheck = 1120;
				LastUpgradeCheck = 1120;
				ORGANIZATIONNAME = Codekul;
				TargetAttributes = {
					18BB0BC2247A2CEB00BBEE13 = {
						CreatedOnToolsVersion = 11.2.1;
					};
				};
			};
			buildConfigurationList = 18BB0BBE247A2CEB00BBEE13 /* Build configuration list for PBXProject "SwiftUIDemo2" */;
			compatibilityVersion = "Xcode 9.3";
			developmentRegion = en;
			hasScannedForEncodings = 0;
			knownRegions = (
				en,
				Base,
			);
			mainGroup = 18BB0BBA247A2CEB00BBEE13;
			productRefGroup = 18BB0BC4247A2CEB00BBEE13 /* Products */;
			projectDirPath = "";
			projectRoot = "";
			targets = (
				18BB0BC2247A2CEB00BBEE13 /* SwiftUIDemo2 */,
			);
		};
/* End PBXProject section */

/* Begin PBXResourcesBuildPhase section */
		18BB0BC1247A2CEB00BBEE13 /* Resources */ = {
			isa = PBXResourcesBuildPhase;
			buildActionMask = 2147483647;
			files = (
				18BB0BD3247A2CED00BBEE13 /* LaunchScreen.storyboard in Resources */,
				18BB0BD0247A2CED00BBEE13 /* Preview Assets.xcassets in Resources */,
				18BB0BCD247A2CED00BBEE13 /* Assets.xcassets in Resources */,
			);
			runOnlyForDeploymentPostprocessing = 0;
		};
/* End PBXResourcesBuildPhase section */

/* Begin PBXSourcesBuildPhase section */
		18BB0BBF247A2CEB00BBEE13 /* Sources */ = {
			isa = PBXSourcesBuildPhase;
			buildActionMask = 2147483647;
			files = (
				18BB0BDE247A330C00BBEE13 /* StudentCell.swift in Sources */,
				18BB0BC7247A2CEB00BBEE13 /* AppDelegate.swift in Sources */,
				18BB0BC9247A2CEB00BBEE13 /* SceneDelegate.swift in Sources */,
				18BB0BCB247A2CEB00BBEE13 /* ContentView.swift in Sources */,
				18BB0BE0247A366400BBEE13 /* DetailedView.swift in Sources */,
				18BB0BDC247A2D5700BBEE13 /* Student.swift in Sources */,
			);
			runOnlyForDeploymentPostprocessing = 0;
		};
/* End PBXSourcesBuildPhase section */

/* Begin PBXVariantGroup section */
		18BB0BD1247A2CED00BBEE13 /* LaunchScreen.storyboard */ = {
			isa = PBXVariantGroup;
			children = (
				18BB0BD2247A2CED00BBEE13 /* Base */,
			);
			name = LaunchScreen.storyboard;
			sourceTree = "<group>";
		};
/* End PBXVariantGroup section */

/* Begin XCBuildConfiguration section */
		18BB0BD5247A2CED00BBEE13 /* Debug */ = {
			isa = XCBuildConfiguration;
			buildSettings = {
				ALWAYS_SEARCH_USER_PATHS = NO;
				CLANG_ANALYZER_NONNULL = YES;
				CLANG_ANALYZER_NUMBER_OBJECT_CONVERSION = YES_AGGRESSIVE;
				CLANG_CXX_LANGUAGE_STANDARD = "gnu++14";
				CLANG_CXX_LIBRARY = "libc++";
				CLANG_ENABLE_MODULES = YES;
				CLANG_ENABLE_OBJC_ARC = YES;
				CLANG_ENABLE_OBJC_WEAK = YES;
				CLANG_WARN_BLOCK_CAPTURE_AUTORELEASING = YES;
				CLANG_WARN_BOOL_CONVERSION = YES;
				CLANG_WARN_COMMA = YES;
				CLANG_WARN_CONSTANT_CONVERSION = YES;
				CLANG_WARN_DEPRECATED_OBJC_IMPLEMENTATIONS = YES;
				CLANG_WARN_DIRECT_OBJC_ISA_USAGE = YES_ERROR;
				CLANG_WARN_DOCUMENTATION_COMMENTS = YES;
				CLANG_WARN_EMPTY_BODY = YES;
				CLANG_WARN_ENUM_CONVERSION = YES;
				CLANG_WARN_INFINITE_RECURSION = YES;
				CLANG_WARN_INT_CONVERSION = YES;
				CLANG_WARN_NON_LITERAL_NULL_CONVERSION = YES;
				CLANG_WARN_OBJC_IMPLICIT_RETAIN_SELF = YES;
				CLANG_WARN_OBJC_LITERAL_CONVERSION = YES;
				CLANG_WARN_OBJC_ROOT_CLASS = YES_ERROR;
				CLANG_WARN_RANGE_LOOP_ANALYSIS = YES;
				CLANG_WARN_STRICT_PROTOTYPES = YES;
				CLANG_WARN_SUSPICIOUS_MOVE = YES;
				CLANG_WARN_UNGUARDED_AVAILABILITY = YES_AGGRESSIVE;
				CLANG_WARN_UNREACHABLE_CODE = YES;
				CLANG_WARN__DUPLICATE_METHOD_MATCH = YES;
				COPY_PHASE_STRIP = NO;
				DEBUG_INFORMATION_FORMAT = dwarf;
				ENABLE_STRICT_OBJC_MSGSEND = YES;
				ENABLE_TESTABILITY = YES;
				GCC_C_LANGUAGE_STANDARD = gnu11;
				GCC_DYNAMIC_NO_PIC = NO;
				GCC_NO_COMMON_BLOCKS = YES;
				GCC_OPTIMIZATION_LEVEL = 0;
				GCC_PREPROCESSOR_DEFINITIONS = (
					"DEBUG=1",
					"$(inherited)",
				);
				GCC_WARN_64_TO_32_BIT_CONVERSION = YES;
				GCC_WARN_ABOUT_RETURN_TYPE = YES_ERROR;
				GCC_WARN_UNDECLARED_SELECTOR = YES;
				GCC_WARN_UNINITIALIZED_AUTOS = YES_AGGRESSIVE;
				GCC_WARN_UNUSED_FUNCTION = YES;
				GCC_WARN_UNUSED_VARIABLE = YES;
				IPHONEOS_DEPLOYMENT_TARGET = 13.2;
				MTL_ENABLE_DEBUG_INFO = INCLUDE_SOURCE;
				MTL_FAST_MATH = YES;
				ONLY_ACTIVE_ARCH = YES;
				SDKROOT = iphoneos;
				SWIFT_ACTIVE_COMPILATION_CONDITIONS = DEBUG;
				SWIFT_OPTIMIZATION_LEVEL = "-Onone";
			};
			name = Debug;
		};
		18BB0BD6247A2CED00BBEE13 /* Release */ = {
			isa = XCBuildConfiguration;
			buildSettings = {
				ALWAYS_SEARCH_USER_PATHS = NO;
				CLANG_ANALYZER_NONNULL = YES;
				CLANG_ANALYZER_NUMBER_OBJECT_CONVERSION = YES_AGGRESSIVE;
				CLANG_CXX_LANGUAGE_STANDARD = "gnu++14";
				CLANG_CXX_LIBRARY = "libc++";
				CLANG_ENABLE_MODULES = YES;
				CLANG_ENABLE_OBJC_ARC = YES;
				CLANG_ENABLE_OBJC_WEAK = YES;
				CLANG_WARN_BLOCK_CAPTURE_AUTORELEASING = YES;
				CLANG_WARN_BOOL_CONVERSION = YES;
				CLANG_WARN_COMMA = YES;
				CLANG_WARN_CONSTANT_CONVERSION = YES;
				CLANG_WARN_DEPRECATED_OBJC_IMPLEMENTATIONS = YES;
				CLANG_WARN_DIRECT_OBJC_ISA_USAGE = YES_ERROR;
				CLANG_WARN_DOCUMENTATION_COMMENTS = YES;
				CLANG_WARN_EMPTY_BODY = YES;
				CLANG_WARN_ENUM_CONVERSION = YES;
				CLANG_WARN_INFINITE_RECURSION = YES;
				CLANG_WARN_INT_CONVERSION = YES;
				CLANG_WARN_NON_LITERAL_NULL_CONVERSION = YES;
				CLANG_WARN_OBJC_IMPLICIT_RETAIN_SELF = YES;
				CLANG_WARN_OBJC_LITERAL_CONVERSION = YES;
				CLANG_WARN_OBJC_ROOT_CLASS = YES_ERROR;
				CLANG_WARN_RANGE_LOOP_ANALYSIS = YES;
				CLANG_WARN_STRICT_PROTOTYPES = YES;
				CLANG_WARN_SUSPICIOUS_MOVE = YES;
				CLANG_WARN_UNGUARDED_AVAILABILITY = YES_AGGRESSIVE;
				CLANG_WARN_UNREACHABLE_CODE = YES;
				CLANG_WARN__DUPLICATE_METHOD_MATCH = YES;
				COPY_PHASE_STRIP = NO;
				DEBUG_INFORMATION_FORMAT = "dwarf-with-dsym";
				ENABLE_NS_ASSERTIONS = NO;
				ENABLE_STRICT_OBJC_MSGSEND = YES;
				GCC_C_LANGUAGE_STANDARD = gnu11;
				GCC_NO_COMMON_BLOCKS = YES;
				GCC_WARN_64_TO_32_BIT_CONVERSION = YES;
				GCC_WARN_ABOUT_RETURN_TYPE = YES_ERROR;
				GCC_WARN_UNDECLARED_SELECTOR = YES;
				GCC_WARN_UNINITIALIZED_AUTOS = YES_AGGRESSIVE;
				GCC_WARN_UNUSED_FUNCTION = YES;
				GCC_WARN_UNUSED_VARIABLE = YES;
				IPHONEOS_DEPLOYMENT_TARGET = 13.2;
				MTL_ENABLE_DEBUG_INFO = NO;
				MTL_FAST_MATH = YES;
				SDKROOT = iphoneos;
				SWIFT_COMPILATION_MODE = wholemodule;
				SWIFT_OPTIMIZATION_LEVEL = "-O";
				VALIDATE_PRODUCT = YES;
			};
			name = Release;
		};
		18BB0BD8247A2CED00BBEE13 /* Debug */ = {
			isa = XCBuildConfiguration;
			buildSettings = {
				ASSETCATALOG_COMPILER_APPICON_NAME = AppIcon;
				CODE_SIGN_STYLE = Automatic;
				DEVELOPMENT_ASSET_PATHS = "\"SwiftUIDemo2/Preview Content\"";
				ENABLE_PREVIEWS = YES;
				INFOPLIST_FILE = SwiftUIDemo2/Info.plist;
				IPHONEOS_DEPLOYMENT_TARGET = 13.2;
				LD_RUNPATH_SEARCH_PATHS = (
					"$(inherited)",
					"@executable_path/Frameworks",
				);
				PRODUCT_BUNDLE_IDENTIFIER = com.codekul.SwiftUIDemo2;
				PRODUCT_NAME = "$(TARGET_NAME)";
				SWIFT_VERSION = 5.0;
				TARGETED_DEVICE_FAMILY = "1,2";
			};
			name = Debug;
		};
		18BB0BD9247A2CED00BBEE13 /* Release */ = {
			isa = XCBuildConfiguration;
			buildSettings = {
				ASSETCATALOG_COMPILER_APPICON_NAME = AppIcon;
				CODE_SIGN_STYLE = Automatic;
				DEVELOPMENT_ASSET_PATHS = "\"SwiftUIDemo2/Preview Content\"";
				ENABLE_PREVIEWS = YES;
				INFOPLIST_FILE = SwiftUIDemo2/Info.plist;
				IPHONEOS_DEPLOYMENT_TARGET = 13.2;
				LD_RUNPATH_SEARCH_PATHS = (
					"$(inherited)",
					"@executable_path/Frameworks",
				);
				PRODUCT_BUNDLE_IDENTIFIER = com.codekul.SwiftUIDemo2;
				PRODUCT_NAME = "$(TARGET_NAME)";
				SWIFT_VERSION = 5.0;
				TARGETED_DEVICE_FAMILY = "1,2";
			};
			name = Release;
		};
/* End XCBuildConfiguration section */

/* Begin XCConfigurationList section */
		18BB0BBE247A2CEB00BBEE13 /* Build configuration list for PBXProject "SwiftUIDemo2" */ = {
			isa = XCConfigurationList;
			buildConfigurations = (
				18BB0BD5247A2CED00BBEE13 /* Debug */,
				18BB0BD6247A2CED00BBEE13 /* Release */,
			);
			defaultConfigurationIsVisible = 0;
			defaultConfigurationName = Release;
		};
		18BB0BD7247A2CED00BBEE13 /* Build configuration list for PBXNativeTarget "SwiftUIDemo2" */ = {
			isa = XCConfigurationList;
			buildConfigurations = (
				18BB0BD8247A2CED00BBEE13 /* Debug */,
				18BB0BD9247A2CED00BBEE13 /* Release */,
			);
			defaultConfigurationIsVisible = 0;
			defaultConfigurationName = Release;
		};
/* End XCConfigurationList section */
	};
	rootObject = 18BB0BBB247A2CEB00BBEE13 /* Project object */;
}
